
Microsoft Visual Studio Solution File, Format Version 12.00
# Visual Studio Version 17
VisualStudioVersion = 17.5.33627.172
MinimumVisualStudioVersion = 10.0.40219.1
Project("{9A19103F-16F7-4668-BE54-9A1E7A4F7556}") = "DogsHouseService.WebApi", "DogsHouseService.WebApi\DogsHouseService.WebApi.csproj", "{2F32F89B-85E8-49E8-90D0-85088CE1B11B}"
EndProject
Project("{2150E333-8FDC-42A3-9474-1A3956D46DE8}") = "src", "src", "{7EF9738B-C25E-431B-B970-621C77CEF68F}"
EndProject
Project("{2150E333-8FDC-42A3-9474-1A3956D46DE8}") = "tests", "tests", "{26619B37-A9FE-46B7-B862-1D04D553A247}"
EndProject
Project("{9A19103F-16F7-4668-BE54-9A1E7A4F7556}") = "DogsHouseService.Domain", "DogsHouseService.Domain\DogsHouseService.Domain.csproj", "{D10E93C0-B806-4D0D-8845-282B2BA1EB2D}"
EndProject
Project("{9A19103F-16F7-4668-BE54-9A1E7A4F7556}") = "DogsHouseService.Application", "DogsHouseService.Application\DogsHouseService.Application.csproj", "{4F89C665-42D0-4DD5-A875-E61F2CB86D5E}"
EndProject
Project("{9A19103F-16F7-4668-BE54-9A1E7A4F7556}") = "DogsHouseService.Persistence", "DogsHouseService.Persistence\DogsHouseService.Persistence.csproj", "{2104E96C-0292-4F19-B1A5-F5B963A00A53}"
EndProject
Project("{FAE04EC0-301F-11D3-BF4B-00C04F79EFBC}") = "DogsHouseService.Tests", "DogsHouseService.Tests\DogsHouseService.Tests.csproj", "{A4F8B26E-448A-4354-B3B6-EBE14E70F4CF}"
EndProject
Global
	GlobalSection(SolutionConfigurationPlatforms) = preSolution
		Debug|Any CPU = Debug|Any CPU
		Release|Any CPU = Release|Any CPU
	EndGlobalSection
	GlobalSection(ProjectConfigurationPlatforms) = postSolution
		{2F32F89B-85E8-49E8-90D0-85088CE1B11B}.Debug|Any CPU.ActiveCfg = Debug|Any CPU
		{2F32F89B-85E8-49E8-90D0-85088CE1B11B}.Debug|Any CPU.Build.0 = Debug|Any CPU
		{2F32F89B-85E8-49E8-90D0-85088CE1B11B}.Release|Any CPU.ActiveCfg = Release|Any CPU
		{2F32F89B-85E8-49E8-90D0-85088CE1B11B}.Release|Any CPU.Build.0 = Release|Any CPU
		{D10E93C0-B806-4D0D-8845-282B2BA1EB2D}.Debug|Any CPU.ActiveCfg = Debug|Any CPU
		{D10E93C0-B806-4D0D-8845-282B2BA1EB2D}.Debug|Any CPU.Build.0 = Debug|Any CPU
		{D10E93C0-B806-4D0D-8845-282B2BA1EB2D}.Release|Any CPU.ActiveCfg = Release|Any CPU
		{D10E93C0-B806-4D0D-8845-282B2BA1EB2D}.Release|Any CPU.Build.0 = Release|Any CPU
		{4F89C665-42D0-4DD5-A875-E61F2CB86D5E}.Debug|Any CPU.ActiveCfg = Debug|Any CPU
		{4F89C665-42D0-4DD5-A875-E61F2CB86D5E}.Debug|Any CPU.Build.0 = Debug|Any CPU
		{4F89C665-42D0-4DD5-A875-E61F2CB86D5E}.Release|Any CPU.ActiveCfg = Release|Any CPU
		{4F89C665-42D0-4DD5-A875-E61F2CB86D5E}.Release|Any CPU.Build.0 = Release|Any CPU
		{2104E96C-0292-4F19-B1A5-F5B963A00A53}.Debug|Any CPU.ActiveCfg = Debug|Any CPU
		{2104E96C-0292-4F19-B1A5-F5B963A00A53}.Debug|Any CPU.Build.0 = Debug|Any CPU
		{2104E96C-0292-4F19-B1A5-F5B963A00A53}.Release|Any CPU.ActiveCfg = Release|Any CPU
		{2104E96C-0292-4F19-B1A5-F5B963A00A53}.Release|Any CPU.Build.0 = Release|Any CPU
		{A4F8B26E-448A-4354-B3B6-EBE14E70F4CF}.Debug|Any CPU.ActiveCfg = Debug|Any CPU
		{A4F8B26E-448A-4354-B3B6-EBE14E70F4CF}.Debug|Any CPU.Build.0 = Debug|Any CPU
		{A4F8B26E-448A-4354-B3B6-EBE14E70F4CF}.Release|Any CPU.ActiveCfg = Release|Any CPU
		{A4F8B26E-448A-4354-B3B6-EBE14E70F4CF}.Release|Any CPU.Build.0 = Release|Any CPU
	EndGlobalSection
	GlobalSection(SolutionProperties) = preSolution
		HideSolutionNode = FALSE
	EndGlobalSection
	GlobalSection(NestedProjects) = preSolution
		{2F32F89B-85E8-49E8-90D0-85088CE1B11B} = {7EF9738B-C25E-431B-B970-621C77CEF68F}
		{D10E93C0-B806-4D0D-8845-282B2BA1EB2D} = {7EF9738B-C25E-431B-B970-621C77CEF68F}
		{4F89C665-42D0-4DD5-A875-E61F2CB86D5E} = {7EF9738B-C25E-431B-B970-621C77CEF68F}
		{2104E96C-0292-4F19-B1A5-F5B963A00A53} = {7EF9738B-C25E-431B-B970-621C77CEF68F}
		{A4F8B26E-448A-4354-B3B6-EBE14E70F4CF} = {26619B37-A9FE-46B7-B862-1D04D553A247}
	EndGlobalSection
	GlobalSection(ExtensibilityGlobals) = postSolution
		SolutionGuid = {AE9A6170-F117-462D-92E4-D02257452FC1}
	EndGlobalSection
EndGlobal
